// !$*UTF8*$!
{
	archiveVersion = 1;
	classes = {
	};
	objectVersion = 46;
	objects = {

/* Begin PBXBuildFile section */
		2CE492091F5E2ACA00F294D5 /* MyInstallerPane.m in Sources */ = {isa = PBXBuildFile; fileRef = 2CE492081F5E2ACA00F294D5 /* MyInstallerPane.m */; };
		2CE4920C1F5E2ACA00F294D5 /* MyInstallerPane.xib in Resources */ = {isa = PBXBuildFile; fileRef = 2CE4920A1F5E2ACA00F294D5 /* MyInstallerPane.xib */; };
		2CE4920F1F5E2ACA00F294D5 /* Localizable.strings in Resources */ = {isa = PBXBuildFile; fileRef = 2CE4920D1F5E2ACA00F294D5 /* Localizable.strings */; };
		2CE492111F5E2ACA00F294D5 /* InstallerSections.plist in Resources */ = {isa = PBXBuildFile; fileRef = 2CE492101F5E2ACA00F294D5 /* InstallerSections.plist */; };
		2CE492151F5E2ACA00F294D5 /* InfoPlist.strings in Resources */ = {isa = PBXBuildFile; fileRef = 2CE492131F5E2ACA00F294D5 /* InfoPlist.strings */; };
/* End PBXBuildFile section */

/* Begin PBXFileReference section */
		2CE492041F5E2ACA00F294D5 /* MoonshotConfig.bundle */ = {isa = PBXFileReference; explicitFileType = wrapper.cfbundle; includeInIndex = 0; path = MoonshotConfig.bundle; sourceTree = BUILT_PRODUCTS_DIR; };
		2CE492071F5E2ACA00F294D5 /* MyInstallerPane.h */ = {isa = PBXFileReference; lastKnownFileType = sourcecode.c.h; path = MyInstallerPane.h; sourceTree = "<group>"; };
		2CE492081F5E2ACA00F294D5 /* MyInstallerPane.m */ = {isa = PBXFileReference; lastKnownFileType = sourcecode.c.objc; path = MyInstallerPane.m; sourceTree = "<group>"; };
		2CE4920B1F5E2ACA00F294D5 /* Base */ = {isa = PBXFileReference; lastKnownFileType = file.xib; name = Base; path = Base.lproj/MyInstallerPane.xib; sourceTree = "<group>"; };
		2CE4920E1F5E2ACA00F294D5 /* en */ = {isa = PBXFileReference; lastKnownFileType = text.plist.strings; name = en; path = en.lproj/Localizable.strings; sourceTree = "<group>"; };
		2CE492101F5E2ACA00F294D5 /* InstallerSections.plist */ = {isa = PBXFileReference; lastKnownFileType = text.plist.xml; path = InstallerSections.plist; sourceTree = "<group>"; };
		2CE492121F5E2ACA00F294D5 /* Info.plist */ = {isa = PBXFileReference; lastKnownFileType = text.plist.xml; path = Info.plist; sourceTree = "<group>"; };
		2CE492141F5E2ACA00F294D5 /* en */ = {isa = PBXFileReference; lastKnownFileType = text.plist.strings; name = en; path = en.lproj/InfoPlist.strings; sourceTree = "<group>"; };
/* End PBXFileReference section */

/* Begin PBXFrameworksBuildPhase section */
		2CE492011F5E2ACA00F294D5 /* Frameworks */ = {
			isa = PBXFrameworksBuildPhase;
			buildActionMask = 2147483647;
			files = (
			);
			runOnlyForDeploymentPostprocessing = 0;
		};
/* End PBXFrameworksBuildPhase section */

/* Begin PBXGroup section */
		2CE491FB1F5E2ACA00F294D5 = {
			isa = PBXGroup;
			children = (
				2CE492061F5E2ACA00F294D5 /* MoonshotConfig */,
				2CE492051F5E2ACA00F294D5 /* Products */,
			);
			sourceTree = "<group>";
		};
		2CE492051F5E2ACA00F294D5 /* Products */ = {
			isa = PBXGroup;
			children = (
				2CE492041F5E2ACA00F294D5 /* MoonshotConfig.bundle */,
			);
			name = Products;
			sourceTree = "<group>";
		};
		2CE492061F5E2ACA00F294D5 /* MoonshotConfig */ = {
			isa = PBXGroup;
			children = (
				2CE492071F5E2ACA00F294D5 /* MyInstallerPane.h */,
				2CE492081F5E2ACA00F294D5 /* MyInstallerPane.m */,
				2CE4920A1F5E2ACA00F294D5 /* MyInstallerPane.xib */,
				2CE4920D1F5E2ACA00F294D5 /* Localizable.strings */,
				2CE492101F5E2ACA00F294D5 /* InstallerSections.plist */,
				2CE492121F5E2ACA00F294D5 /* Info.plist */,
				2CE492131F5E2ACA00F294D5 /* InfoPlist.strings */,
			);
			path = MoonshotConfig;
			sourceTree = "<group>";
		};
/* End PBXGroup section */

/* Begin PBXNativeTarget section */
		2CE492031F5E2ACA00F294D5 /* MoonshotConfig */ = {
			isa = PBXNativeTarget;
			buildConfigurationList = 2CE492181F5E2ACA00F294D5 /* Build configuration list for PBXNativeTarget "MoonshotConfig" */;
			buildPhases = (
				2CE492001F5E2ACA00F294D5 /* Sources */,
				2CE492011F5E2ACA00F294D5 /* Frameworks */,
				2CE492021F5E2ACA00F294D5 /* Resources */,
			);
			buildRules = (
			);
			dependencies = (
			);
			name = MoonshotConfig;
			productName = MoonshotConfig;
			productReference = 2CE492041F5E2ACA00F294D5 /* MoonshotConfig.bundle */;
			productType = "com.apple.product-type.bundle";
		};
/* End PBXNativeTarget section */

/* Begin PBXProject section */
		2CE491FC1F5E2ACA00F294D5 /* Project object */ = {
			isa = PBXProject;
			attributes = {
				LastUpgradeCheck = 0830;
				ORGANIZATIONNAME = Jisc;
				TargetAttributes = {
					2CE492031F5E2ACA00F294D5 = {
						CreatedOnToolsVersion = 8.3.3;
						ProvisioningStyle = Automatic;
					};
				};
			};
			buildConfigurationList = 2CE491FF1F5E2ACA00F294D5 /* Build configuration list for PBXProject "MoonshotConfig" */;
			compatibilityVersion = "Xcode 3.2";
			developmentRegion = English;
			hasScannedForEncodings = 0;
			knownRegions = (
				en,
				Base,
			);
			mainGroup = 2CE491FB1F5E2ACA00F294D5;
			productRefGroup = 2CE492051F5E2ACA00F294D5 /* Products */;
			projectDirPath = "";
			projectRoot = "";
			targets = (
				2CE492031F5E2ACA00F294D5 /* MoonshotConfig */,
			);
		};
/* End PBXProject section */

/* Begin PBXResourcesBuildPhase section */
		2CE492021F5E2ACA00F294D5 /* Resources */ = {
			isa = PBXResourcesBuildPhase;
			buildActionMask = 2147483647;
			files = (
				2CE4920C1F5E2ACA00F294D5 /* MyInstallerPane.xib in Resources */,
				2CE492151F5E2ACA00F294D5 /* InfoPlist.strings in Resources */,
				2CE4920F1F5E2ACA00F294D5 /* Localizable.strings in Resources */,
				2CE492111F5E2ACA00F294D5 /* InstallerSections.plist in Resources */,
			);
			runOnlyForDeploymentPostprocessing = 0;
		};
/* End PBXResourcesBuildPhase section */

/* Begin PBXSourcesBuildPhase section */
		2CE492001F5E2ACA00F294D5 /* Sources */ = {
			isa = PBXSourcesBuildPhase;
			buildActionMask = 2147483647;
			files = (
				2CE492091F5E2ACA00F294D5 /* MyInstallerPane.m in Sources */,
			);
			runOnlyForDeploymentPostprocessing = 0;
		};
/* End PBXSourcesBuildPhase section */

/* Begin PBXVariantGroup section */
		2CE4920A1F5E2ACA00F294D5 /* MyInstallerPane.xib */ = {
			isa = PBXVariantGroup;
			children = (
				2CE4920B1F5E2ACA00F294D5 /* Base */,
			);
			name = MyInstallerPane.xib;
			sourceTree = "<group>";
		};
		2CE4920D1F5E2ACA00F294D5 /* Localizable.strings */ = {
			isa = PBXVariantGroup;
			children = (
				2CE4920E1F5E2ACA00F294D5 /* en */,
			);
			name = Localizable.strings;
			sourceTree = "<group>";
		};
		2CE492131F5E2ACA00F294D5 /* InfoPlist.strings */ = {
			isa = PBXVariantGroup;
			children = (
				2CE492141F5E2ACA00F294D5 /* en */,
			);
			name = InfoPlist.strings;
			sourceTree = "<group>";
		};
/* End PBXVariantGroup section */

/* Begin XCBuildConfiguration section */
		2CE492161F5E2ACA00F294D5 /* Debug */ = {
			isa = XCBuildConfiguration;
			buildSettings = {
				ALWAYS_SEARCH_USER_PATHS = NO;
				CLANG_ANALYZER_NONNULL = YES;
				CLANG_ANALYZER_NUMBER_OBJECT_CONVERSION = YES_AGGRESSIVE;
				CLANG_CXX_LANGUAGE_STANDARD = "gnu++0x";
				CLANG_CXX_LIBRARY = "libc++";
				CLANG_ENABLE_MODULES = YES;
				CLANG_ENABLE_OBJC_ARC = YES;
				CLANG_WARN_BOOL_CONVERSION = YES;
				CLANG_WARN_CONSTANT_CONVERSION = YES;
				CLANG_WARN_DIRECT_OBJC_ISA_USAGE = YES_ERROR;
				CLANG_WARN_DOCUMENTATION_COMMENTS = YES;
				CLANG_WARN_EMPTY_BODY = YES;
				CLANG_WARN_ENUM_CONVERSION = YES;
				CLANG_WARN_INFINITE_RECURSION = YES;
				CLANG_WARN_INT_CONVERSION = YES;
				CLANG_WARN_OBJC_ROOT_CLASS = YES_ERROR;
				CLANG_WARN_SUSPICIOUS_MOVE = YES;
				CLANG_WARN_UNREACHABLE_CODE = YES;
				CLANG_WARN__DUPLICATE_METHOD_MATCH = YES;
				CODE_SIGN_IDENTITY = "-";
				COPY_PHASE_STRIP = NO;
				DEBUG_INFORMATION_FORMAT = dwarf;
				ENABLE_STRICT_OBJC_MSGSEND = YES;
				ENABLE_TESTABILITY = YES;
				GCC_C_LANGUAGE_STANDARD = gnu99;
				GCC_DYNAMIC_NO_PIC = NO;
				GCC_NO_COMMON_BLOCKS = YES;
				GCC_OPTIMIZATION_LEVEL = 0;
				GCC_PREPROCESSOR_DEFINITIONS = (
					"DEBUG=1",
					"$(inherited)",
				);
				GCC_WARN_64_TO_32_BIT_CONVERSION = YES;
				GCC_WARN_ABOUT_RETURN_TYPE = YES_ERROR;
				GCC_WARN_UNDECLARED_SELECTOR = YES;
				GCC_WARN_UNINITIALIZED_AUTOS = YES_AGGRESSIVE;
				GCC_WARN_UNUSED_FUNCTION = YES;
				GCC_WARN_UNUSED_VARIABLE = YES;
				MACOSX_DEPLOYMENT_TARGET = 10.12;
				MTL_ENABLE_DEBUG_INFO = YES;
				ONLY_ACTIVE_ARCH = YES;
				SDKROOT = macosx;
			};
			name = Debug;
		};
		2CE492171F5E2ACA00F294D5 /* Release */ = {
			isa = XCBuildConfiguration;
			buildSettings = {
				ALWAYS_SEARCH_USER_PATHS = NO;
				CLANG_ANALYZER_NONNULL = YES;
				CLANG_ANALYZER_NUMBER_OBJECT_CONVERSION = YES_AGGRESSIVE;
				CLANG_CXX_LANGUAGE_STANDARD = "gnu++0x";
				CLANG_CXX_LIBRARY = "libc++";
				CLANG_ENABLE_MODULES = YES;
				CLANG_ENABLE_OBJC_ARC = YES;
				CLANG_WARN_BOOL_CONVERSION = YES;
				CLANG_WARN_CONSTANT_CONVERSION = YES;
				CLANG_WARN_DIRECT_OBJC_ISA_USAGE = YES_ERROR;
				CLANG_WARN_DOCUMENTATION_COMMENTS = YES;
				CLANG_WARN_EMPTY_BODY = YES;
				CLANG_WARN_ENUM_CONVERSION = YES;
				CLANG_WARN_INFINITE_RECURSION = YES;
				CLANG_WARN_INT_CONVERSION = YES;
				CLANG_WARN_OBJC_ROOT_CLASS = YES_ERROR;
				CLANG_WARN_SUSPICIOUS_MOVE = YES;
				CLANG_WARN_UNREACHABLE_CODE = YES;
				CLANG_WARN__DUPLICATE_METHOD_MATCH = YES;
				CODE_SIGN_IDENTITY = "-";
				COPY_PHASE_STRIP = NO;
				DEBUG_INFORMATION_FORMAT = "dwarf-with-dsym";
				ENABLE_NS_ASSERTIONS = NO;
				ENABLE_STRICT_OBJC_MSGSEND = YES;
				GCC_C_LANGUAGE_STANDARD = gnu99;
				GCC_NO_COMMON_BLOCKS = YES;
				GCC_WARN_64_TO_32_BIT_CONVERSION = YES;
				GCC_WARN_ABOUT_RETURN_TYPE = YES_ERROR;
				GCC_WARN_UNDECLARED_SELECTOR = YES;
				GCC_WARN_UNINITIALIZED_AUTOS = YES_AGGRESSIVE;
				GCC_WARN_UNUSED_FUNCTION = YES;
				GCC_WARN_UNUSED_VARIABLE = YES;
				MACOSX_DEPLOYMENT_TARGET = 10.12;
				MTL_ENABLE_DEBUG_INFO = NO;
				SDKROOT = macosx;
			};
			name = Release;
		};
		2CE492191F5E2ACA00F294D5 /* Debug */ = {
			isa = XCBuildConfiguration;
			buildSettings = {
				COMBINE_HIDPI_IMAGES = YES;
				INFOPLIST_FILE = MoonshotConfig/Info.plist;
				INSTALL_PATH = "$(HOME)/Library/Bundles";
				PRODUCT_BUNDLE_IDENTIFIER = Jisc.MoonshotConfig;
				PRODUCT_NAME = "$(TARGET_NAME)";
				WRAPPER_EXTENSION = bundle;
			};
			name = Debug;
		};
		2CE4921A1F5E2ACA00F294D5 /* Release */ = {
			isa = XCBuildConfiguration;
			buildSettings = {
				COMBINE_HIDPI_IMAGES = YES;
				INFOPLIST_FILE = MoonshotConfig/Info.plist;
				INSTALL_PATH = "$(HOME)/Library/Bundles";
				PRODUCT_BUNDLE_IDENTIFIER = Jisc.MoonshotConfig;
				PRODUCT_NAME = "$(TARGET_NAME)";
				WRAPPER_EXTENSION = bundle;
			};
			name = Release;
		};
/* End XCBuildConfiguration section */

/* Begin XCConfigurationList section */
		2CE491FF1F5E2ACA00F294D5 /* Build configuration list for PBXProject "MoonshotConfig" */ = {
			isa = XCConfigurationList;
			buildConfigurations = (
				2CE492161F5E2ACA00F294D5 /* Debug */,
				2CE492171F5E2ACA00F294D5 /* Release */,
			);
			defaultConfigurationIsVisible = 0;
			defaultConfigurationName = Release;
		};
		2CE492181F5E2ACA00F294D5 /* Build configuration list for PBXNativeTarget "MoonshotConfig" */ = {
			isa = XCConfigurationList;
			buildConfigurations = (
				2CE492191F5E2ACA00F294D5 /* Debug */,
				2CE4921A1F5E2ACA00F294D5 /* Release */,
			);
			defaultConfigurationIsVisible = 0;
		};
/* End XCConfigurationList section */
	};
	rootObject = 2CE491FC1F5E2ACA00F294D5 /* Project object */;
}
